
Microsoft Visual Studio Solution File, Format Version 12.00
# Visual Studio Version 17
VisualStudioVersion = 17.8.34601.278
MinimumVisualStudioVersion = 10.0.40219.1
Project("{FAE04EC0-301F-11D3-BF4B-00C04F79EFBC}") = "CompanyEmployees", "CompanyEmployees\CompanyEmployees.csproj", "{F8E280CA-7A1D-44D3-9F46-62EAFC4F5F1A}"
EndProject
Project("{FAE04EC0-301F-11D3-BF4B-00C04F79EFBC}") = "Contracts", "Contracts\Contracts.csproj", "{2FFED409-27D9-4363-AF2E-987D07DDA6E5}"
EndProject
Project("{FAE04EC0-301F-11D3-BF4B-00C04F79EFBC}") = "LoggerService", "LoggerService\LoggerService.csproj", "{108803F9-0416-4D37-9FC7-393AB93849DA}"
EndProject
Global
	GlobalSection(SolutionConfigurationPlatforms) = preSolution
		Debug|Any CPU = Debug|Any CPU
		Release|Any CPU = Release|Any CPU
	EndGlobalSection
	GlobalSection(ProjectConfigurationPlatforms) = postSolution
		{F8E280CA-7A1D-44D3-9F46-62EAFC4F5F1A}.Debug|Any CPU.ActiveCfg = Debug|Any CPU
		{F8E280CA-7A1D-44D3-9F46-62EAFC4F5F1A}.Debug|Any CPU.Build.0 = Debug|Any CPU
		{F8E280CA-7A1D-44D3-9F46-62EAFC4F5F1A}.Release|Any CPU.ActiveCfg = Release|Any CPU
		{F8E280CA-7A1D-44D3-9F46-62EAFC4F5F1A}.Release|Any CPU.Build.0 = Release|Any CPU
		{2FFED409-27D9-4363-AF2E-987D07DDA6E5}.Debug|Any CPU.ActiveCfg = Debug|Any CPU
		{2FFED409-27D9-4363-AF2E-987D07DDA6E5}.Debug|Any CPU.Build.0 = Debug|Any CPU
		{2FFED409-27D9-4363-AF2E-987D07DDA6E5}.Release|Any CPU.ActiveCfg = Release|Any CPU
		{2FFED409-27D9-4363-AF2E-987D07DDA6E5}.Release|Any CPU.Build.0 = Release|Any CPU
		{108803F9-0416-4D37-9FC7-393AB93849DA}.Debug|Any CPU.ActiveCfg = Debug|Any CPU
		{108803F9-0416-4D37-9FC7-393AB93849DA}.Debug|Any CPU.Build.0 = Debug|Any CPU
		{108803F9-0416-4D37-9FC7-393AB93849DA}.Release|Any CPU.ActiveCfg = Release|Any CPU
		{108803F9-0416-4D37-9FC7-393AB93849DA}.Release|Any CPU.Build.0 = Release|Any CPU
	EndGlobalSection
	GlobalSection(SolutionProperties) = preSolution
		HideSolutionNode = FALSE
	EndGlobalSection
	GlobalSection(ExtensibilityGlobals) = postSolution
		SolutionGuid = {C090CD28-F888-4B6D-A8E6-6A79B0847743}
	EndGlobalSection
EndGlobal
